<?xml version="1.0" encoding="utf-8"?>
<Project ToolsVersion="4.0" xmlns="http://schemas.microsoft.com/developer/msbuild/2003">
  <ItemGroup>
    <Filter Include="Source Files">
      <UniqueIdentifier>{4FC737F1-C7A5-4376-A066-2A32D752A2FF}</UniqueIdentifier>
      <Extensions>cpp;c;cc;cxx;def;odl;idl;hpj;bat;asm;asmx</Extensions>
    </Filter>
    <Filter Include="Header Files">
      <UniqueIdentifier>{93995380-89BD-4b04-88EB-625FBE52EBFB}</UniqueIdentifier>
      <Extensions>h;hh;hpp;hxx;hm;inl;inc;xsd</Extensions>
    </Filter>
    <Filter Include="Resource Files">
      <UniqueIdentifier>{67DA6AB6-F800-4c08-8B7A-83BB121AAD01}</UniqueIdentifier>
      <Extensions>rc;ico;cur;bmp;dlg;rc2;rct;bin;rgs;gif;jpg;jpeg;jpe;resx;tiff;tif;png;wav;mfcribbon-ms</Extensions>
    </Filter>
    <Filter Include="Header Files\OpenGL">
      <UniqueIdentifier>{8b39ed52-2819-43d1-ac4d-b64b3624ecd0}</UniqueIdentifier>
    </Filter>
    <Filter Include="Source Files\OpenGL">
      <UniqueIdentifier>{7cf9b03e-6818-4178-a0c1-17e9d5735509}</UniqueIdentifier>
    </Filter>
    <Filter Include="Source Files\Renderer">
      <UniqueIdentifier>{01f87a1d-6626-4d1c-a55b-6dc5b6734b8e}</UniqueIdentifier>
    </Filter>
    <Filter Include="Source Files\Renderer\GLFW">
      <UniqueIdentifier>{5685494a-4e5b-43f0-9013-b4a542f4298a}</UniqueIdentifier>
    </Filter>
    <Filter Include="Header Files\Core">
      <UniqueIdentifier>{4bdd93ca-15ee-4018-b3d9-372106c73ee9}</UniqueIdentifier>
    </Filter>
    <Filter Include="Header Files\Clock">
      <UniqueIdentifier>{e9196779-9197-4163-b5f3-f6338978de2a}</UniqueIdentifier>
    </Filter>
    <Filter Include="Source Files\Clock">
      <UniqueIdentifier>{8db435dc-a548-400b-9c01-a1247bb50532}</UniqueIdentifier>
    </Filter>
    <Filter Include="Header Files\OpenGL\Texture">
      <UniqueIdentifier>{92740a97-ac01-40b5-bc13-7c6e0275a896}</UniqueIdentifier>
    </Filter>
    <Filter Include="Header Files\OpenGL\Mesh">
      <UniqueIdentifier>{cb4fed36-7434-483a-a210-b6f1d6f62bd0}</UniqueIdentifier>
    </Filter>
    <Filter Include="Header Files\OpenGL\Handlers">
      <UniqueIdentifier>{58db4333-6057-4e43-b261-e3e348930ef7}</UniqueIdentifier>
    </Filter>
    <Filter Include="Header Files\Camera">
      <UniqueIdentifier>{974360cc-0490-4739-813f-de404f6fd7b9}</UniqueIdentifier>
    </Filter>
    <Filter Include="Header Files\Inputs">
      <UniqueIdentifier>{5813ed58-3d9b-47a4-8d2a-c9d18daa3be6}</UniqueIdentifier>
    </Filter>
    <Filter Include="Header Files\Inputs\Handler">
      <UniqueIdentifier>{3094f2f1-6181-4ff4-8aac-f51c53b3a61e}</UniqueIdentifier>
    </Filter>
    <Filter Include="Header Files\Inputs\Keyboard">
      <UniqueIdentifier>{3708396c-ce8c-491b-a5d0-ab536a8cdc11}</UniqueIdentifier>
    </Filter>
    <Filter Include="Header Files\Inputs\Mouse">
      <UniqueIdentifier>{1ecae268-e874-4488-92bf-57eb3135f0f4}</UniqueIdentifier>
    </Filter>
    <Filter Include="Header Files\Inputs\Handler\GLFW">
      <UniqueIdentifier>{927eeb4c-6cde-4d18-ab85-0a71457f4db9}</UniqueIdentifier>
    </Filter>
    <Filter Include="Header Files\Window">
      <UniqueIdentifier>{56efb511-64b9-4f7b-b26f-cb1b66e47aaa}</UniqueIdentifier>
    </Filter>
    <Filter Include="Header Files\Window\GLFW">
      <UniqueIdentifier>{e3e653f9-f064-4cc9-aa54-c5f356cbd656}</UniqueIdentifier>
    </Filter>
    <Filter Include="Header Files\Renderers">
      <UniqueIdentifier>{ed98c493-ce32-4493-879d-2f56dc37f6b8}</UniqueIdentifier>
    </Filter>
    <Filter Include="Header Files\OpenGL\Shapes">
      <UniqueIdentifier>{82d1b598-e11c-418b-96f1-381504aff125}</UniqueIdentifier>
    </Filter>
    <Filter Include="Header Files\OpenGL\Material">
      <UniqueIdentifier>{b28d2ec5-f238-4ee7-b3d5-0f78ab59e34d}</UniqueIdentifier>
    </Filter>
    <Filter Include="Header Files\OpenGL\Shapes\Terrain">
      <UniqueIdentifier>{d11805a8-016c-43d6-b8cb-c19f35bf48d0}</UniqueIdentifier>
    </Filter>
    <Filter Include="Header Files\Assimp">
      <UniqueIdentifier>{8e684aca-9b0a-4612-9abb-75e3e91ca24c}</UniqueIdentifier>
    </Filter>
    <Filter Include="Header Files\OpenGL\Shapes\Terrain\Simplex">
      <UniqueIdentifier>{df21f5a4-5313-4a25-a806-6f6735493c5e}</UniqueIdentifier>
    </Filter>
    <Filter Include="Header Files\Physics">
      <UniqueIdentifier>{ac7765ae-c347-485e-a405-9e0858c299f9}</UniqueIdentifier>
    </Filter>
    <Filter Include="Header Files\Physics\CollisionShapes">
      <UniqueIdentifier>{33f78b43-a1a0-41aa-8751-805054140baf}</UniqueIdentifier>
    </Filter>
    <Filter Include="Header Files\Includes">
      <UniqueIdentifier>{5f1ecefd-7089-45b6-b641-5346c5fd31ed}</UniqueIdentifier>
    </Filter>
  </ItemGroup>
  <ItemGroup>
    <ClInclude Include="Window.h">
      <Filter>Header Files\Window</Filter>
    </ClInclude>
    <ClInclude Include="glfwWindow.h">
      <Filter>Header Files\Window\GLFW</Filter>
    </ClInclude>
    <ClInclude Include="Transform.h">
      <Filter>Header Files\Core</Filter>
    </ClInclude>
    <ClInclude Include="Application.h">
      <Filter>Header Files\Core</Filter>
    </ClInclude>
    <ClInclude Include="Behaviours.h">
      <Filter>Header Files\Core</Filter>
    </ClInclude>
    <ClInclude Include="Component.h">
      <Filter>Header Files\Core</Filter>
    </ClInclude>
    <ClInclude Include="GameBehaviour.h">
      <Filter>Header Files\Core</Filter>
    </ClInclude>
    <ClInclude Include="GameObject.h">
      <Filter>Header Files\Core</Filter>
    </ClInclude>
    <ClInclude Include="Object.h">
      <Filter>Header Files\Core</Filter>
    </ClInclude>
    <ClInclude Include="Clock.h">
      <Filter>Header Files\Clock</Filter>
    </ClInclude>
    <ClInclude Include="Renderer.h">
      <Filter>Header Files\Renderers</Filter>
    </ClInclude>
    <ClInclude Include="Shader.h">
      <Filter>Header Files\OpenGL\Handlers</Filter>
    </ClInclude>
    <ClInclude Include="GraphicsHandler.h">
      <Filter>Header Files\OpenGL\Handlers</Filter>
    </ClInclude>
    <ClInclude Include="openGLHandler.h">
      <Filter>Header Files\OpenGL\Handlers</Filter>
    </ClInclude>
    <ClInclude Include="MeshGenerator.h">
      <Filter>Header Files\OpenGL\Mesh</Filter>
    </ClInclude>
    <ClInclude Include="TextureGenerator.h">
      <Filter>Header Files\OpenGL\Texture</Filter>
    </ClInclude>
    <ClInclude Include="TextureManager.h">
      <Filter>Header Files\OpenGL\Texture</Filter>
    </ClInclude>
    <ClInclude Include="Camera.h">
      <Filter>Header Files\Camera</Filter>
    </ClInclude>
    <ClInclude Include="InputHandler.h">
      <Filter>Header Files\Inputs\Handler</Filter>
    </ClInclude>
    <ClInclude Include="KeyboardInput.h">
      <Filter>Header Files\Inputs\Keyboard</Filter>
    </ClInclude>
    <ClInclude Include="MouseInput.h">
      <Filter>Header Files\Inputs\Mouse</Filter>
    </ClInclude>
    <ClInclude Include="glfwInputHandler.h">
      <Filter>Header Files\Inputs\Handler\GLFW</Filter>
    </ClInclude>
    <ClInclude Include="Mesh.h">
      <Filter>Header Files\OpenGL\Mesh</Filter>
    </ClInclude>
    <ClInclude Include="Cube.h">
      <Filter>Header Files\OpenGL\Shapes</Filter>
    </ClInclude>
    <ClInclude Include="Polygon.h">
      <Filter>Header Files\OpenGL\Shapes</Filter>
    </ClInclude>
    <ClInclude Include="Shape.h">
      <Filter>Header Files\OpenGL\Shapes</Filter>
    </ClInclude>
    <ClInclude Include="GLRenderer.h">
      <Filter>Header Files\Renderers</Filter>
    </ClInclude>
    <ClInclude Include="Material.h">
      <Filter>Header Files\OpenGL\Material</Filter>
    </ClInclude>
    <ClInclude Include="Terrain.h">
      <Filter>Header Files\OpenGL\Shapes\Terrain</Filter>
    </ClInclude>
    <ClInclude Include="Skybox.h">
      <Filter>Header Files\OpenGL\Shapes</Filter>
    </ClInclude>
    <ClInclude Include="Model.h">
      <Filter>Header Files\OpenGL\Shapes</Filter>
    </ClInclude>
    <ClInclude Include="Camera3rdPerson.h">
      <Filter>Header Files\Camera</Filter>
    </ClInclude>
    <ClInclude Include="AssimpLoader.h">
      <Filter>Header Files\Assimp</Filter>
    </ClInclude>
    <ClInclude Include="Movement.h">
      <Filter>Header Files\OpenGL\Handlers</Filter>
    </ClInclude>
    <ClInclude Include="PlayerMovement.h">
      <Filter>Header Files\OpenGL\Handlers</Filter>
    </ClInclude>
    <ClInclude Include="simplex\SimplexNoise.h">
      <Filter>Header Files\OpenGL\Shapes\Terrain\Simplex</Filter>
    </ClInclude>
    <ClInclude Include="PhysicsWorld.h">
      <Filter>Header Files\Physics</Filter>
    </ClInclude>
    <ClInclude Include="Rigidbody.h">
      <Filter>Header Files\Physics</Filter>
    </ClInclude>
    <ClInclude Include="Collider.h">
      <Filter>Header Files\Physics</Filter>
    </ClInclude>
    <ClInclude Include="Core.h">
      <Filter>Header Files\Includes</Filter>
    </ClInclude>
    <ClInclude Include="Physics.h">
      <Filter>Header Files\Includes</Filter>
    </ClInclude>
    <ClInclude Include="ShapeComponents.h">
      <Filter>Header Files\Includes</Filter>
    </ClInclude>
    <ClInclude Include="SkeletalBones.h">
      <Filter>Header Files</Filter>
    </ClInclude>
    <ClInclude Include="CollisionManager.h">
      <Filter>Header Files</Filter>
    </ClInclude>
    <ClInclude Include="CollisionObject.h">
      <Filter>Header Files</Filter>
    </ClInclude>
  </ItemGroup>
  <ItemGroup>
    <ClCompile Include="Behaviours.cpp">
      <Filter>Source Files</Filter>
    </ClCompile>
    <ClCompile Include="Component.cpp">
      <Filter>Source Files</Filter>
    </ClCompile>
    <ClCompile Include="GameBehaviour.cpp">
      <Filter>Source Files</Filter>
    </ClCompile>
    <ClCompile Include="GameObject.cpp">
      <Filter>Source Files</Filter>
    </ClCompile>
    <ClCompile Include="Object.cpp">
      <Filter>Source Files</Filter>
    </ClCompile>
    <ClCompile Include="Transform.cpp">
      <Filter>Source Files</Filter>
    </ClCompile>
    <ClCompile Include="main.cpp">
      <Filter>Source Files</Filter>
    </ClCompile>
    <ClCompile Include="Application.cpp">
      <Filter>Source Files</Filter>
    </ClCompile>
    <ClCompile Include="Shader.cpp">
      <Filter>Source Files\OpenGL</Filter>
    </ClCompile>
    <ClCompile Include="Window.cpp">
      <Filter>Source Files\Renderer</Filter>
    </ClCompile>
    <ClCompile Include="glfwWindow.cpp">
      <Filter>Source Files\Renderer\GLFW</Filter>
    </ClCompile>
    <ClCompile Include="Clock.cpp">
      <Filter>Source Files\Clock</Filter>
    </ClCompile>
    <ClCompile Include="Renderer.cpp">
      <Filter>Source Files</Filter>
    </ClCompile>
    <ClCompile Include="GraphicsHandler.cpp">
      <Filter>Source Files</Filter>
    </ClCompile>
    <ClCompile Include="openGLHandler.cpp">
      <Filter>Source Files\OpenGL</Filter>
    </ClCompile>
    <ClCompile Include="TextureGenerator.cpp">
      <Filter>Source Files</Filter>
    </ClCompile>
    <ClCompile Include="TextureManager.cpp">
      <Filter>Source Files</Filter>
    </ClCompile>
    <ClCompile Include="MeshGenerator.cpp">
      <Filter>Source Files</Filter>
    </ClCompile>
    <ClCompile Include="Camera.cpp">
      <Filter>Source Files</Filter>
    </ClCompile>
    <ClCompile Include="InputHandler.cpp">
      <Filter>Source Files</Filter>
    </ClCompile>
    <ClCompile Include="KeyboardInput.cpp">
      <Filter>Source Files</Filter>
    </ClCompile>
    <ClCompile Include="MouseInput.cpp">
      <Filter>Source Files</Filter>
    </ClCompile>
    <ClCompile Include="glfwInputHandler.cpp">
      <Filter>Source Files</Filter>
    </ClCompile>
    <ClCompile Include="Terrain.cpp">
      <Filter>Source Files</Filter>
    </ClCompile>
    <ClCompile Include="Mesh.cpp">
      <Filter>Source Files</Filter>
    </ClCompile>
    <ClCompile Include="Polygon.cpp">
      <Filter>Source Files</Filter>
    </ClCompile>
    <ClCompile Include="Cube.cpp">
      <Filter>Source Files</Filter>
    </ClCompile>
    <ClCompile Include="Shape.cpp">
      <Filter>Source Files</Filter>
    </ClCompile>
    <ClCompile Include="GLRenderer.cpp">
      <Filter>Source Files</Filter>
    </ClCompile>
    <ClCompile Include="Material.cpp">
      <Filter>Source Files</Filter>
    </ClCompile>
    <ClCompile Include="Skybox.cpp">
      <Filter>Source Files</Filter>
    </ClCompile>
    <ClCompile Include="AssimpLoader.cpp">
      <Filter>Source Files</Filter>
    </ClCompile>
    <ClCompile Include="Model.cpp">
      <Filter>Source Files</Filter>
    </ClCompile>
    <ClCompile Include="Camera3rdPerson.cpp">
      <Filter>Source Files</Filter>
    </ClCompile>
    <ClCompile Include="Movement.cpp">
      <Filter>Source Files</Filter>
    </ClCompile>
    <ClCompile Include="PlayerMovement.cpp">
      <Filter>Source Files</Filter>
    </ClCompile>
    <ClCompile Include="simplex\SimplexNoise.cpp">
      <Filter>Source Files</Filter>
    </ClCompile>
    <ClCompile Include="PhysicsWorld.cpp">
      <Filter>Source Files</Filter>
    </ClCompile>
    <ClCompile Include="Rigidbody.cpp">
      <Filter>Source Files</Filter>
    </ClCompile>
    <ClCompile Include="Collider.cpp">
      <Filter>Source Files</Filter>
    </ClCompile>
    <ClCompile Include="SkeletalBones.cpp">
      <Filter>Source Files</Filter>
    </ClCompile>
    <ClCompile Include="CollisionManager.cpp">
      <Filter>Source Files</Filter>
    </ClCompile>
    <ClCompile Include="CollisionObject.cpp">
      <Filter>Source Files</Filter>
    </ClCompile>
  </ItemGroup>
  <ItemGroup>
    <None Include="HSVFrag.shader">
      <Filter>Resource Files</Filter>
    </None>
    <None Include="HSVVert.shader">
      <Filter>Resource Files</Filter>
    </None>
    <None Include="lampFrag.shader">
      <Filter>Resource Files</Filter>
    </None>
    <None Include="lampVert.shader">
      <Filter>Resource Files</Filter>
    </None>
    <None Include="lightingMapFrag.shader">
      <Filter>Resource Files</Filter>
    </None>
    <None Include="lightingMapVert.shader">
      <Filter>Resource Files</Filter>
    </None>
    <None Include="multiLightFrag.shader">
      <Filter>Resource Files</Filter>
    </None>
    <None Include="multiLightVert.shader">
      <Filter>Resource Files</Filter>
    </None>
    <None Include="skyboxFrag.shader">
      <Filter>Resource Files</Filter>
    </None>
    <None Include="skyboxVert.shader">
      <Filter>Resource Files</Filter>
    </None>
    <None Include="modelVert.shader">
      <Filter>Resource Files</Filter>
    </None>
    <None Include="modelFrag.shader">
      <Filter>Resource Files</Filter>
    </None>
    <None Include="ClassDiagram.cd" />
  </ItemGroup>
</Project>