<?xml version="1.0" encoding="UTF-8"?>
<Project ToolsVersion="14.0" xmlns="http://schemas.microsoft.com/developer/msbuild/2003">
  <ItemGroup>
    <CustomBuild Include="C:\dev\assimp-3.3.1\test\CMakeLists.txt" />
    <CustomBuild Include="D:\UWS\08_Real_TIme_3d\code\QSO\Assimp\CMakeFiles\1e080e5bd5710b05fdc409ce2ea33ddd\gtest-mkdir.rule">
      <Filter>CMake Rules</Filter>
    </CustomBuild>
    <CustomBuild Include="D:\UWS\08_Real_TIme_3d\code\QSO\Assimp\CMakeFiles\1e080e5bd5710b05fdc409ce2ea33ddd\gtest-download.rule">
      <Filter>CMake Rules</Filter>
    </CustomBuild>
    <CustomBuild Include="D:\UWS\08_Real_TIme_3d\code\QSO\Assimp\CMakeFiles\1e080e5bd5710b05fdc409ce2ea33ddd\gtest-update.rule">
      <Filter>CMake Rules</Filter>
    </CustomBuild>
    <CustomBuild Include="D:\UWS\08_Real_TIme_3d\code\QSO\Assimp\CMakeFiles\1e080e5bd5710b05fdc409ce2ea33ddd\gtest-patch.rule">
      <Filter>CMake Rules</Filter>
    </CustomBuild>
    <CustomBuild Include="D:\UWS\08_Real_TIme_3d\code\QSO\Assimp\CMakeFiles\1e080e5bd5710b05fdc409ce2ea33ddd\gtest-configure.rule">
      <Filter>CMake Rules</Filter>
    </CustomBuild>
    <CustomBuild Include="D:\UWS\08_Real_TIme_3d\code\QSO\Assimp\CMakeFiles\1e080e5bd5710b05fdc409ce2ea33ddd\gtest-build.rule">
      <Filter>CMake Rules</Filter>
    </CustomBuild>
    <CustomBuild Include="D:\UWS\08_Real_TIme_3d\code\QSO\Assimp\CMakeFiles\1e080e5bd5710b05fdc409ce2ea33ddd\gtest-install.rule">
      <Filter>CMake Rules</Filter>
    </CustomBuild>
    <CustomBuild Include="D:\UWS\08_Real_TIme_3d\code\QSO\Assimp\CMakeFiles\4618586ce6cc8fb4ca8ca66bea8d216e\gtest-complete.rule">
      <Filter>CMake Rules</Filter>
    </CustomBuild>
    <CustomBuild Include="D:\UWS\08_Real_TIme_3d\code\QSO\Assimp\CMakeFiles\9577ff4a66bbaed2843f473e73b8e7f5\gtest.rule">
      <Filter>CMake Rules</Filter>
    </CustomBuild>
  </ItemGroup>
  <ItemGroup>
    <None Include="D:\UWS\08_Real_TIme_3d\code\QSO\Assimp\test\CMakeFiles\gtest" />
  </ItemGroup>
  <ItemGroup>
    <Filter Include="CMake Rules">
      <UniqueIdentifier>{FC7A78B2-E3CE-3D47-B19C-123EC731DD4B}</UniqueIdentifier>
    </Filter>
  </ItemGroup>
</Project>
