Microsoft Visual Studio Solution File, Format Version 12.00
# Visual Studio 14
Project("{8BC9CEB8-8B4A-11D0-8D11-00A0C91BC942}") = "ALL_BUILD", "ALL_BUILD.vcxproj", "{1E1776AF-B981-3C31-83B7-9F7AE875BB87}"
	ProjectSection(ProjectDependencies) = postProject
		{E3B487B7-C640-3712-AEC8-FA8DFAAA19AC} = {E3B487B7-C640-3712-AEC8-FA8DFAAA19AC}
		{AD495288-DD52-3AC4-85E3-FAA75FE9D09C} = {AD495288-DD52-3AC4-85E3-FAA75FE9D09C}
		{BD6F1135-6801-3428-95DB-54A855D37A1A} = {BD6F1135-6801-3428-95DB-54A855D37A1A}
		{2F29A6E3-92BA-3479-BCA2-9C16773A6C39} = {2F29A6E3-92BA-3479-BCA2-9C16773A6C39}
		{BE18654D-6830-345C-A6C8-2464E6C36F21} = {BE18654D-6830-345C-A6C8-2464E6C36F21}
		{C08F480F-F023-30B9-BB00-5D43553740B7} = {C08F480F-F023-30B9-BB00-5D43553740B7}
	EndProjectSection
EndProject
Project("{8BC9CEB8-8B4A-11D0-8D11-00A0C91BC942}") = "INSTALL", "INSTALL.vcxproj", "{A2C73E80-D23E-3FF1-9CE6-56559508B575}"
	ProjectSection(ProjectDependencies) = postProject
		{1E1776AF-B981-3C31-83B7-9F7AE875BB87} = {1E1776AF-B981-3C31-83B7-9F7AE875BB87}
		{E3B487B7-C640-3712-AEC8-FA8DFAAA19AC} = {E3B487B7-C640-3712-AEC8-FA8DFAAA19AC}
	EndProjectSection
EndProject
Project("{8BC9CEB8-8B4A-11D0-8D11-00A0C91BC942}") = "UpdateAssimpLibsDebugSymbolsAndDLLs", "UpdateAssimpLibsDebugSymbolsAndDLLs.vcxproj", "{72B7E9B8-45E8-300E-917E-B8241016F38E}"
	ProjectSection(ProjectDependencies) = postProject
		{E3B487B7-C640-3712-AEC8-FA8DFAAA19AC} = {E3B487B7-C640-3712-AEC8-FA8DFAAA19AC}
	EndProjectSection
EndProject
Project("{8BC9CEB8-8B4A-11D0-8D11-00A0C91BC942}") = "ZERO_CHECK", "ZERO_CHECK.vcxproj", "{E3B487B7-C640-3712-AEC8-FA8DFAAA19AC}"
	ProjectSection(ProjectDependencies) = postProject
	EndProjectSection
EndProject
Project("{8BC9CEB8-8B4A-11D0-8D11-00A0C91BC942}") = "assimp", "code\assimp.vcxproj", "{AD495288-DD52-3AC4-85E3-FAA75FE9D09C}"
	ProjectSection(ProjectDependencies) = postProject
		{E3B487B7-C640-3712-AEC8-FA8DFAAA19AC} = {E3B487B7-C640-3712-AEC8-FA8DFAAA19AC}
		{C08F480F-F023-30B9-BB00-5D43553740B7} = {C08F480F-F023-30B9-BB00-5D43553740B7}
	EndProjectSection
EndProject
Project("{8BC9CEB8-8B4A-11D0-8D11-00A0C91BC942}") = "assimp_cmd", "tools\assimp_cmd\assimp_cmd.vcxproj", "{BD6F1135-6801-3428-95DB-54A855D37A1A}"
	ProjectSection(ProjectDependencies) = postProject
		{E3B487B7-C640-3712-AEC8-FA8DFAAA19AC} = {E3B487B7-C640-3712-AEC8-FA8DFAAA19AC}
		{AD495288-DD52-3AC4-85E3-FAA75FE9D09C} = {AD495288-DD52-3AC4-85E3-FAA75FE9D09C}
		{C08F480F-F023-30B9-BB00-5D43553740B7} = {C08F480F-F023-30B9-BB00-5D43553740B7}
	EndProjectSection
EndProject
Project("{8BC9CEB8-8B4A-11D0-8D11-00A0C91BC942}") = "gtest", "test\gtest.vcxproj", "{2F29A6E3-92BA-3479-BCA2-9C16773A6C39}"
	ProjectSection(ProjectDependencies) = postProject
		{E3B487B7-C640-3712-AEC8-FA8DFAAA19AC} = {E3B487B7-C640-3712-AEC8-FA8DFAAA19AC}
	EndProjectSection
EndProject
Project("{8BC9CEB8-8B4A-11D0-8D11-00A0C91BC942}") = "uninstall", "uninstall.vcxproj", "{FC508317-EA97-3907-9178-0E93F34C090D}"
	ProjectSection(ProjectDependencies) = postProject
		{E3B487B7-C640-3712-AEC8-FA8DFAAA19AC} = {E3B487B7-C640-3712-AEC8-FA8DFAAA19AC}
	EndProjectSection
EndProject
Project("{8BC9CEB8-8B4A-11D0-8D11-00A0C91BC942}") = "unit", "test\unit.vcxproj", "{BE18654D-6830-345C-A6C8-2464E6C36F21}"
	ProjectSection(ProjectDependencies) = postProject
		{E3B487B7-C640-3712-AEC8-FA8DFAAA19AC} = {E3B487B7-C640-3712-AEC8-FA8DFAAA19AC}
		{AD495288-DD52-3AC4-85E3-FAA75FE9D09C} = {AD495288-DD52-3AC4-85E3-FAA75FE9D09C}
		{2F29A6E3-92BA-3479-BCA2-9C16773A6C39} = {2F29A6E3-92BA-3479-BCA2-9C16773A6C39}
		{C08F480F-F023-30B9-BB00-5D43553740B7} = {C08F480F-F023-30B9-BB00-5D43553740B7}
	EndProjectSection
EndProject
Project("{8BC9CEB8-8B4A-11D0-8D11-00A0C91BC942}") = "zlibstatic", "contrib\zlib\zlibstatic.vcxproj", "{C08F480F-F023-30B9-BB00-5D43553740B7}"
	ProjectSection(ProjectDependencies) = postProject
		{E3B487B7-C640-3712-AEC8-FA8DFAAA19AC} = {E3B487B7-C640-3712-AEC8-FA8DFAAA19AC}
	EndProjectSection
EndProject
Global
	GlobalSection(SolutionConfigurationPlatforms) = preSolution
		Debug|x64 = Debug|x64
		Release|x64 = Release|x64
		MinSizeRel|x64 = MinSizeRel|x64
		RelWithDebInfo|x64 = RelWithDebInfo|x64
	EndGlobalSection
	GlobalSection(ProjectConfigurationPlatforms) = postSolution
		{1E1776AF-B981-3C31-83B7-9F7AE875BB87}.Debug|x64.ActiveCfg = Debug|x64
		{1E1776AF-B981-3C31-83B7-9F7AE875BB87}.Debug|x64.Build.0 = Debug|x64
		{1E1776AF-B981-3C31-83B7-9F7AE875BB87}.Release|x64.ActiveCfg = Release|x64
		{1E1776AF-B981-3C31-83B7-9F7AE875BB87}.Release|x64.Build.0 = Release|x64
		{1E1776AF-B981-3C31-83B7-9F7AE875BB87}.MinSizeRel|x64.ActiveCfg = MinSizeRel|x64
		{1E1776AF-B981-3C31-83B7-9F7AE875BB87}.MinSizeRel|x64.Build.0 = MinSizeRel|x64
		{1E1776AF-B981-3C31-83B7-9F7AE875BB87}.RelWithDebInfo|x64.ActiveCfg = RelWithDebInfo|x64
		{1E1776AF-B981-3C31-83B7-9F7AE875BB87}.RelWithDebInfo|x64.Build.0 = RelWithDebInfo|x64
		{A2C73E80-D23E-3FF1-9CE6-56559508B575}.Debug|x64.ActiveCfg = Debug|x64
		{A2C73E80-D23E-3FF1-9CE6-56559508B575}.Release|x64.ActiveCfg = Release|x64
		{A2C73E80-D23E-3FF1-9CE6-56559508B575}.MinSizeRel|x64.ActiveCfg = MinSizeRel|x64
		{A2C73E80-D23E-3FF1-9CE6-56559508B575}.RelWithDebInfo|x64.ActiveCfg = RelWithDebInfo|x64
		{72B7E9B8-45E8-300E-917E-B8241016F38E}.Debug|x64.ActiveCfg = Debug|x64
		{72B7E9B8-45E8-300E-917E-B8241016F38E}.Release|x64.ActiveCfg = Release|x64
		{72B7E9B8-45E8-300E-917E-B8241016F38E}.MinSizeRel|x64.ActiveCfg = MinSizeRel|x64
		{72B7E9B8-45E8-300E-917E-B8241016F38E}.RelWithDebInfo|x64.ActiveCfg = RelWithDebInfo|x64
		{E3B487B7-C640-3712-AEC8-FA8DFAAA19AC}.Debug|x64.ActiveCfg = Debug|x64
		{E3B487B7-C640-3712-AEC8-FA8DFAAA19AC}.Debug|x64.Build.0 = Debug|x64
		{E3B487B7-C640-3712-AEC8-FA8DFAAA19AC}.Release|x64.ActiveCfg = Release|x64
		{E3B487B7-C640-3712-AEC8-FA8DFAAA19AC}.Release|x64.Build.0 = Release|x64
		{E3B487B7-C640-3712-AEC8-FA8DFAAA19AC}.MinSizeRel|x64.ActiveCfg = MinSizeRel|x64
		{E3B487B7-C640-3712-AEC8-FA8DFAAA19AC}.MinSizeRel|x64.Build.0 = MinSizeRel|x64
		{E3B487B7-C640-3712-AEC8-FA8DFAAA19AC}.RelWithDebInfo|x64.ActiveCfg = RelWithDebInfo|x64
		{E3B487B7-C640-3712-AEC8-FA8DFAAA19AC}.RelWithDebInfo|x64.Build.0 = RelWithDebInfo|x64
		{AD495288-DD52-3AC4-85E3-FAA75FE9D09C}.Debug|x64.ActiveCfg = Debug|x64
		{AD495288-DD52-3AC4-85E3-FAA75FE9D09C}.Debug|x64.Build.0 = Debug|x64
		{AD495288-DD52-3AC4-85E3-FAA75FE9D09C}.Release|x64.ActiveCfg = Release|x64
		{AD495288-DD52-3AC4-85E3-FAA75FE9D09C}.Release|x64.Build.0 = Release|x64
		{AD495288-DD52-3AC4-85E3-FAA75FE9D09C}.MinSizeRel|x64.ActiveCfg = MinSizeRel|x64
		{AD495288-DD52-3AC4-85E3-FAA75FE9D09C}.MinSizeRel|x64.Build.0 = MinSizeRel|x64
		{AD495288-DD52-3AC4-85E3-FAA75FE9D09C}.RelWithDebInfo|x64.ActiveCfg = RelWithDebInfo|x64
		{AD495288-DD52-3AC4-85E3-FAA75FE9D09C}.RelWithDebInfo|x64.Build.0 = RelWithDebInfo|x64
		{BD6F1135-6801-3428-95DB-54A855D37A1A}.Debug|x64.ActiveCfg = Debug|x64
		{BD6F1135-6801-3428-95DB-54A855D37A1A}.Debug|x64.Build.0 = Debug|x64
		{BD6F1135-6801-3428-95DB-54A855D37A1A}.Release|x64.ActiveCfg = Release|x64
		{BD6F1135-6801-3428-95DB-54A855D37A1A}.Release|x64.Build.0 = Release|x64
		{BD6F1135-6801-3428-95DB-54A855D37A1A}.MinSizeRel|x64.ActiveCfg = MinSizeRel|x64
		{BD6F1135-6801-3428-95DB-54A855D37A1A}.MinSizeRel|x64.Build.0 = MinSizeRel|x64
		{BD6F1135-6801-3428-95DB-54A855D37A1A}.RelWithDebInfo|x64.ActiveCfg = RelWithDebInfo|x64
		{BD6F1135-6801-3428-95DB-54A855D37A1A}.RelWithDebInfo|x64.Build.0 = RelWithDebInfo|x64
		{2F29A6E3-92BA-3479-BCA2-9C16773A6C39}.Debug|x64.ActiveCfg = Debug|x64
		{2F29A6E3-92BA-3479-BCA2-9C16773A6C39}.Debug|x64.Build.0 = Debug|x64
		{2F29A6E3-92BA-3479-BCA2-9C16773A6C39}.Release|x64.ActiveCfg = Release|x64
		{2F29A6E3-92BA-3479-BCA2-9C16773A6C39}.Release|x64.Build.0 = Release|x64
		{2F29A6E3-92BA-3479-BCA2-9C16773A6C39}.MinSizeRel|x64.ActiveCfg = MinSizeRel|x64
		{2F29A6E3-92BA-3479-BCA2-9C16773A6C39}.MinSizeRel|x64.Build.0 = MinSizeRel|x64
		{2F29A6E3-92BA-3479-BCA2-9C16773A6C39}.RelWithDebInfo|x64.ActiveCfg = RelWithDebInfo|x64
		{2F29A6E3-92BA-3479-BCA2-9C16773A6C39}.RelWithDebInfo|x64.Build.0 = RelWithDebInfo|x64
		{FC508317-EA97-3907-9178-0E93F34C090D}.Debug|x64.ActiveCfg = Debug|x64
		{FC508317-EA97-3907-9178-0E93F34C090D}.Release|x64.ActiveCfg = Release|x64
		{FC508317-EA97-3907-9178-0E93F34C090D}.MinSizeRel|x64.ActiveCfg = MinSizeRel|x64
		{FC508317-EA97-3907-9178-0E93F34C090D}.RelWithDebInfo|x64.ActiveCfg = RelWithDebInfo|x64
		{BE18654D-6830-345C-A6C8-2464E6C36F21}.Debug|x64.ActiveCfg = Debug|x64
		{BE18654D-6830-345C-A6C8-2464E6C36F21}.Debug|x64.Build.0 = Debug|x64
		{BE18654D-6830-345C-A6C8-2464E6C36F21}.Release|x64.ActiveCfg = Release|x64
		{BE18654D-6830-345C-A6C8-2464E6C36F21}.Release|x64.Build.0 = Release|x64
		{BE18654D-6830-345C-A6C8-2464E6C36F21}.MinSizeRel|x64.ActiveCfg = MinSizeRel|x64
		{BE18654D-6830-345C-A6C8-2464E6C36F21}.MinSizeRel|x64.Build.0 = MinSizeRel|x64
		{BE18654D-6830-345C-A6C8-2464E6C36F21}.RelWithDebInfo|x64.ActiveCfg = RelWithDebInfo|x64
		{BE18654D-6830-345C-A6C8-2464E6C36F21}.RelWithDebInfo|x64.Build.0 = RelWithDebInfo|x64
		{C08F480F-F023-30B9-BB00-5D43553740B7}.Debug|x64.ActiveCfg = Debug|x64
		{C08F480F-F023-30B9-BB00-5D43553740B7}.Debug|x64.Build.0 = Debug|x64
		{C08F480F-F023-30B9-BB00-5D43553740B7}.Release|x64.ActiveCfg = Release|x64
		{C08F480F-F023-30B9-BB00-5D43553740B7}.Release|x64.Build.0 = Release|x64
		{C08F480F-F023-30B9-BB00-5D43553740B7}.MinSizeRel|x64.ActiveCfg = MinSizeRel|x64
		{C08F480F-F023-30B9-BB00-5D43553740B7}.MinSizeRel|x64.Build.0 = MinSizeRel|x64
		{C08F480F-F023-30B9-BB00-5D43553740B7}.RelWithDebInfo|x64.ActiveCfg = RelWithDebInfo|x64
		{C08F480F-F023-30B9-BB00-5D43553740B7}.RelWithDebInfo|x64.Build.0 = RelWithDebInfo|x64
	EndGlobalSection
	GlobalSection(ExtensibilityGlobals) = postSolution
	EndGlobalSection
	GlobalSection(ExtensibilityAddIns) = postSolution
	EndGlobalSection
EndGlobal
